
Microsoft Visual Studio Solution File, Format Version 12.00
# Visual Studio Version 17
VisualStudioVersion = 17.13.35919.96 d17.13
MinimumVisualStudioVersion = 10.0.40219.1
Project("{FAE04EC0-301F-11D3-BF4B-00C04F79EFBC}") = "hesapmakinesi", "hesapmakinesi\hesapmakinesi.csproj", "{95C87BBC-EEF1-4182-90A4-DB06A3268632}"
EndProject
Global
	GlobalSection(SolutionConfigurationPlatforms) = preSolution
		Debug|Any CPU = Debug|Any CPU
		Release|Any CPU = Release|Any CPU
	EndGlobalSection
	GlobalSection(ProjectConfigurationPlatforms) = postSolution
		{95C87BBC-EEF1-4182-90A4-DB06A3268632}.Debug|Any CPU.ActiveCfg = Debug|Any CPU
		{95C87BBC-EEF1-4182-90A4-DB06A3268632}.Debug|Any CPU.Build.0 = Debug|Any CPU
		{95C87BBC-EEF1-4182-90A4-DB06A3268632}.Release|Any CPU.ActiveCfg = Release|Any CPU
		{95C87BBC-EEF1-4182-90A4-DB06A3268632}.Release|Any CPU.Build.0 = Release|Any CPU
	EndGlobalSection
	GlobalSection(SolutionProperties) = preSolution
		HideSolutionNode = FALSE
	EndGlobalSection
	GlobalSection(ExtensibilityGlobals) = postSolution
		SolutionGuid = {60D1EFE7-77D1-4C70-8062-9CFECC6E2D31}
	EndGlobalSection
EndGlobal
